
Microsoft Visual Studio Solution File, Format Version 12.00
# Visual Studio Version 17
VisualStudioVersion = 17.13.35913.81 d17.13
MinimumVisualStudioVersion = 10.0.40219.1
Project("{FAE04EC0-301F-11D3-BF4B-00C04F79EFBC}") = "PI_CLUB_DEPORTIVO", "PI_CLUB_DEPORTIVO.csproj", "{FE9AA3A3-7126-42EC-8D6E-FDDF02789E29}"
EndProject
Global
	GlobalSection(SolutionConfigurationPlatforms) = preSolution
		Debug|Any CPU = Debug|Any CPU
		Release|Any CPU = Release|Any CPU
	EndGlobalSection
	GlobalSection(ProjectConfigurationPlatforms) = postSolution
		{FE9AA3A3-7126-42EC-8D6E-FDDF02789E29}.Debug|Any CPU.ActiveCfg = Debug|Any CPU
		{FE9AA3A3-7126-42EC-8D6E-FDDF02789E29}.Debug|Any CPU.Build.0 = Debug|Any CPU
		{FE9AA3A3-7126-42EC-8D6E-FDDF02789E29}.Release|Any CPU.ActiveCfg = Release|Any CPU
		{FE9AA3A3-7126-42EC-8D6E-FDDF02789E29}.Release|Any CPU.Build.0 = Release|Any CPU
	EndGlobalSection
	GlobalSection(SolutionProperties) = preSolution
		HideSolutionNode = FALSE
	EndGlobalSection
	GlobalSection(ExtensibilityGlobals) = postSolution
		SolutionGuid = {D787A6DE-BE5A-462B-B5BC-72184A5B88A8}
	EndGlobalSection
EndGlobal
